// !$*UTF8*$!
{
	archiveVersion = 1;
	classes = {
	};
	objectVersion = 46;
	objects = {

/* Begin PBXBuildFile section */
		48D7226F199509CE001D8B66 /* AppDelegate.swift in Sources */ = {isa = PBXBuildFile; fileRef = 48D7226E199509CE001D8B66 /* AppDelegate.swift */; };
		48D72271199509CE001D8B66 /* ViewController.swift in Sources */ = {isa = PBXBuildFile; fileRef = 48D72270199509CE001D8B66 /* ViewController.swift */; };
		48D72274199509CE001D8B66 /* Main.storyboard in Resources */ = {isa = PBXBuildFile; fileRef = 48D72272199509CE001D8B66 /* Main.storyboard */; };
		48D72276199509CE001D8B66 /* Images.xcassets in Resources */ = {isa = PBXBuildFile; fileRef = 48D72275199509CE001D8B66 /* Images.xcassets */; };
		48D72282199509CE001D8B66 /* mbswizzlerTests.swift in Sources */ = {isa = PBXBuildFile; fileRef = 48D72281199509CE001D8B66 /* mbswizzlerTests.swift */; };
/* End PBXBuildFile section */

/* Begin PBXContainerItemProxy section */
		48D7227C199509CE001D8B66 /* PBXContainerItemProxy */ = {
			isa = PBXContainerItemProxy;
			containerPortal = 48D72261199509CE001D8B66 /* Project object */;
			proxyType = 1;
			remoteGlobalIDString = 48D72268199509CE001D8B66;
			remoteInfo = mbswizzler;
		};
/* End PBXContainerItemProxy section */

/* Begin PBXFileReference section */
		48D72269199509CE001D8B66 /* mbswizzler.app */ = {isa = PBXFileReference; explicitFileType = wrapper.application; includeInIndex = 0; path = mbswizzler.app; sourceTree = BUILT_PRODUCTS_DIR; };
		48D7226D199509CE001D8B66 /* Info.plist */ = {isa = PBXFileReference; lastKnownFileType = text.plist.xml; path = Info.plist; sourceTree = "<group>"; };
		48D7226E199509CE001D8B66 /* AppDelegate.swift */ = {isa = PBXFileReference; lastKnownFileType = sourcecode.swift; path = AppDelegate.swift; sourceTree = "<group>"; };
		48D72270199509CE001D8B66 /* ViewController.swift */ = {isa = PBXFileReference; lastKnownFileType = sourcecode.swift; path = ViewController.swift; sourceTree = "<group>"; };
		48D72273199509CE001D8B66 /* Base */ = {isa = PBXFileReference; lastKnownFileType = file.storyboard; name = Base; path = Base.lproj/Main.storyboard; sourceTree = "<group>"; };
		48D72275199509CE001D8B66 /* Images.xcassets */ = {isa = PBXFileReference; lastKnownFileType = folder.assetcatalog; path = Images.xcassets; sourceTree = "<group>"; };
		48D7227B199509CE001D8B66 /* mbswizzlerTests.xctest */ = {isa = PBXFileReference; explicitFileType = wrapper.cfbundle; includeInIndex = 0; path = mbswizzlerTests.xctest; sourceTree = BUILT_PRODUCTS_DIR; };
		48D72280199509CE001D8B66 /* Info.plist */ = {isa = PBXFileReference; lastKnownFileType = text.plist.xml; path = Info.plist; sourceTree = "<group>"; };
		48D72281199509CE001D8B66 /* mbswizzlerTests.swift */ = {isa = PBXFileReference; lastKnownFileType = sourcecode.swift; path = mbswizzlerTests.swift; sourceTree = "<group>"; };
/* End PBXFileReference section */

/* Begin PBXFrameworksBuildPhase section */
		48D72266199509CE001D8B66 /* Frameworks */ = {
			isa = PBXFrameworksBuildPhase;
			buildActionMask = 2147483647;
			files = (
			);
			runOnlyForDeploymentPostprocessing = 0;
		};
		48D72278199509CE001D8B66 /* Frameworks */ = {
			isa = PBXFrameworksBuildPhase;
			buildActionMask = 2147483647;
			files = (
			);
			runOnlyForDeploymentPostprocessing = 0;
		};
/* End PBXFrameworksBuildPhase section */

/* Begin PBXGroup section */
		48D72260199509CE001D8B66 = {
			isa = PBXGroup;
			children = (
				48D7226B199509CE001D8B66 /* mbswizzler */,
				48D7227E199509CE001D8B66 /* mbswizzlerTests */,
				48D7226A199509CE001D8B66 /* Products */,
			);
			sourceTree = "<group>";
		};
		48D7226A199509CE001D8B66 /* Products */ = {
			isa = PBXGroup;
			children = (
				48D72269199509CE001D8B66 /* mbswizzler.app */,
				48D7227B199509CE001D8B66 /* mbswizzlerTests.xctest */,
			);
			name = Products;
			sourceTree = "<group>";
		};
		48D7226B199509CE001D8B66 /* mbswizzler */ = {
			isa = PBXGroup;
			children = (
				48D7226E199509CE001D8B66 /* AppDelegate.swift */,
				48D72270199509CE001D8B66 /* ViewController.swift */,
				48D72272199509CE001D8B66 /* Main.storyboard */,
				48D72275199509CE001D8B66 /* Images.xcassets */,
				48D7226C199509CE001D8B66 /* Supporting Files */,
			);
			path = mbswizzler;
			sourceTree = "<group>";
		};
		48D7226C199509CE001D8B66 /* Supporting Files */ = {
			isa = PBXGroup;
			children = (
				48D7226D199509CE001D8B66 /* Info.plist */,
			);
			name = "Supporting Files";
			sourceTree = "<group>";
		};
		48D7227E199509CE001D8B66 /* mbswizzlerTests */ = {
			isa = PBXGroup;
			children = (
				48D72281199509CE001D8B66 /* mbswizzlerTests.swift */,
				48D7227F199509CE001D8B66 /* Supporting Files */,
			);
			path = mbswizzlerTests;
			sourceTree = "<group>";
		};
		48D7227F199509CE001D8B66 /* Supporting Files */ = {
			isa = PBXGroup;
			children = (
				48D72280199509CE001D8B66 /* Info.plist */,
			);
			name = "Supporting Files";
			sourceTree = "<group>";
		};
/* End PBXGroup section */

/* Begin PBXNativeTarget section */
		48D72268199509CE001D8B66 /* mbswizzler */ = {
			isa = PBXNativeTarget;
			buildConfigurationList = 48D72285199509CE001D8B66 /* Build configuration list for PBXNativeTarget "mbswizzler" */;
			buildPhases = (
				48D72265199509CE001D8B66 /* Sources */,
				48D72266199509CE001D8B66 /* Frameworks */,
				48D72267199509CE001D8B66 /* Resources */,
			);
			buildRules = (
			);
			dependencies = (
			);
			name = mbswizzler;
			productName = mbswizzler;
			productReference = 48D72269199509CE001D8B66 /* mbswizzler.app */;
			productType = "com.apple.product-type.application";
		};
		48D7227A199509CE001D8B66 /* mbswizzlerTests */ = {
			isa = PBXNativeTarget;
			buildConfigurationList = 48D72288199509CE001D8B66 /* Build configuration list for PBXNativeTarget "mbswizzlerTests" */;
			buildPhases = (
				48D72277199509CE001D8B66 /* Sources */,
				48D72278199509CE001D8B66 /* Frameworks */,
				48D72279199509CE001D8B66 /* Resources */,
			);
			buildRules = (
			);
			dependencies = (
				48D7227D199509CE001D8B66 /* PBXTargetDependency */,
			);
			name = mbswizzlerTests;
			productName = mbswizzlerTests;
			productReference = 48D7227B199509CE001D8B66 /* mbswizzlerTests.xctest */;
			productType = "com.apple.product-type.bundle.unit-test";
		};
/* End PBXNativeTarget section */

/* Begin PBXProject section */
		48D72261199509CE001D8B66 /* Project object */ = {
			isa = PBXProject;
			attributes = {
				LastUpgradeCheck = 0600;
				ORGANIZATIONNAME = mbswizzler;
				TargetAttributes = {
					48D72268199509CE001D8B66 = {
						CreatedOnToolsVersion = 6.0;
					};
					48D7227A199509CE001D8B66 = {
						CreatedOnToolsVersion = 6.0;
						TestTargetID = 48D72268199509CE001D8B66;
					};
				};
			};
			buildConfigurationList = 48D72264199509CE001D8B66 /* Build configuration list for PBXProject "mbswizzler" */;
			compatibilityVersion = "Xcode 3.2";
			developmentRegion = English;
			hasScannedForEncodings = 0;
			knownRegions = (
				en,
				Base,
			);
			mainGroup = 48D72260199509CE001D8B66;
			productRefGroup = 48D7226A199509CE001D8B66 /* Products */;
			projectDirPath = "";
			projectRoot = "";
			targets = (
				48D72268199509CE001D8B66 /* mbswizzler */,
				48D7227A199509CE001D8B66 /* mbswizzlerTests */,
			);
		};
/* End PBXProject section */

/* Begin PBXResourcesBuildPhase section */
		48D72267199509CE001D8B66 /* Resources */ = {
			isa = PBXResourcesBuildPhase;
			buildActionMask = 2147483647;
			files = (
				48D72274199509CE001D8B66 /* Main.storyboard in Resources */,
				48D72276199509CE001D8B66 /* Images.xcassets in Resources */,
			);
			runOnlyForDeploymentPostprocessing = 0;
		};
		48D72279199509CE001D8B66 /* Resources */ = {
			isa = PBXResourcesBuildPhase;
			buildActionMask = 2147483647;
			files = (
			);
			runOnlyForDeploymentPostprocessing = 0;
		};
/* End PBXResourcesBuildPhase section */

/* Begin PBXSourcesBuildPhase section */
		48D72265199509CE001D8B66 /* Sources */ = {
			isa = PBXSourcesBuildPhase;
			buildActionMask = 2147483647;
			files = (
				48D72271199509CE001D8B66 /* ViewController.swift in Sources */,
				48D7226F199509CE001D8B66 /* AppDelegate.swift in Sources */,
			);
			runOnlyForDeploymentPostprocessing = 0;
		};
		48D72277199509CE001D8B66 /* Sources */ = {
			isa = PBXSourcesBuildPhase;
			buildActionMask = 2147483647;
			files = (
				48D72282199509CE001D8B66 /* mbswizzlerTests.swift in Sources */,
			);
			runOnlyForDeploymentPostprocessing = 0;
		};
/* End PBXSourcesBuildPhase section */

/* Begin PBXTargetDependency section */
		48D7227D199509CE001D8B66 /* PBXTargetDependency */ = {
			isa = PBXTargetDependency;
			target = 48D72268199509CE001D8B66 /* mbswizzler */;
			targetProxy = 48D7227C199509CE001D8B66 /* PBXContainerItemProxy */;
		};
/* End PBXTargetDependency section */

/* Begin PBXVariantGroup section */
		48D72272199509CE001D8B66 /* Main.storyboard */ = {
			isa = PBXVariantGroup;
			children = (
				48D72273199509CE001D8B66 /* Base */,
			);
			name = Main.storyboard;
			sourceTree = "<group>";
		};
/* End PBXVariantGroup section */

/* Begin XCBuildConfiguration section */
		48D72283199509CE001D8B66 /* Debug */ = {
			isa = XCBuildConfiguration;
			buildSettings = {
				ALWAYS_SEARCH_USER_PATHS = NO;
				CLANG_CXX_LANGUAGE_STANDARD = "gnu++0x";
				CLANG_CXX_LIBRARY = "libc++";
				CLANG_ENABLE_MODULES = YES;
				CLANG_ENABLE_OBJC_ARC = YES;
				CLANG_WARN_BOOL_CONVERSION = YES;
				CLANG_WARN_CONSTANT_CONVERSION = YES;
				CLANG_WARN_DIRECT_OBJC_ISA_USAGE = YES_ERROR;
				CLANG_WARN_EMPTY_BODY = YES;
				CLANG_WARN_ENUM_CONVERSION = YES;
				CLANG_WARN_INT_CONVERSION = YES;
				CLANG_WARN_OBJC_ROOT_CLASS = YES_ERROR;
				CLANG_WARN_UNREACHABLE_CODE = YES;
				CLANG_WARN__DUPLICATE_METHOD_MATCH = YES;
				"CODE_SIGN_IDENTITY[sdk=iphoneos*]" = "iPhone Developer";
				COPY_PHASE_STRIP = NO;
				ENABLE_STRICT_OBJC_MSGSEND = YES;
				GCC_C_LANGUAGE_STANDARD = gnu99;
				GCC_DYNAMIC_NO_PIC = NO;
				GCC_OPTIMIZATION_LEVEL = 0;
				GCC_PREPROCESSOR_DEFINITIONS = (
					"DEBUG=1",
					"$(inherited)",
				);
				GCC_SYMBOLS_PRIVATE_EXTERN = NO;
				GCC_WARN_64_TO_32_BIT_CONVERSION = YES;
				GCC_WARN_ABOUT_RETURN_TYPE = YES_ERROR;
				GCC_WARN_UNDECLARED_SELECTOR = YES;
				GCC_WARN_UNINITIALIZED_AUTOS = YES_AGGRESSIVE;
				GCC_WARN_UNUSED_FUNCTION = YES;
				GCC_WARN_UNUSED_VARIABLE = YES;
				IPHONEOS_DEPLOYMENT_TARGET = 8.0;
				MTL_ENABLE_DEBUG_INFO = YES;
				ONLY_ACTIVE_ARCH = YES;
				SDKROOT = iphoneos;
				SWIFT_OPTIMIZATION_LEVEL = "-Onone";
			};
			name = Debug;
		};
		48D72284199509CE001D8B66 /* Release */ = {
			isa = XCBuildConfiguration;
			buildSettings = {
				ALWAYS_SEARCH_USER_PATHS = NO;
				CLANG_CXX_LANGUAGE_STANDARD = "gnu++0x";
				CLANG_CXX_LIBRARY = "libc++";
				CLANG_ENABLE_MODULES = YES;
				CLANG_ENABLE_OBJC_ARC = YES;
				CLANG_WARN_BOOL_CONVERSION = YES;
				CLANG_WARN_CONSTANT_CONVERSION = YES;
				CLANG_WARN_DIRECT_OBJC_ISA_USAGE = YES_ERROR;
				CLANG_WARN_EMPTY_BODY = YES;
				CLANG_WARN_ENUM_CONVERSION = YES;
				CLANG_WARN_INT_CONVERSION = YES;
				CLANG_WARN_OBJC_ROOT_CLASS = YES_ERROR;
				CLANG_WARN_UNREACHABLE_CODE = YES;
				CLANG_WARN__DUPLICATE_METHOD_MATCH = YES;
				"CODE_SIGN_IDENTITY[sdk=iphoneos*]" = "iPhone Developer";
				COPY_PHASE_STRIP = YES;
				ENABLE_NS_ASSERTIONS = NO;
				ENABLE_STRICT_OBJC_MSGSEND = YES;
				GCC_C_LANGUAGE_STANDARD = gnu99;
				GCC_WARN_64_TO_32_BIT_CONVERSION = YES;
				GCC_WARN_ABOUT_RETURN_TYPE = YES_ERROR;
				GCC_WARN_UNDECLARED_SELECTOR = YES;
				GCC_WARN_UNINITIALIZED_AUTOS = YES_AGGRESSIVE;
				GCC_WARN_UNUSED_FUNCTION = YES;
				GCC_WARN_UNUSED_VARIABLE = YES;
				IPHONEOS_DEPLOYMENT_TARGET = 8.0;
				MTL_ENABLE_DEBUG_INFO = NO;
				SDKROOT = iphoneos;
				VALIDATE_PRODUCT = YES;
			};
			name = Release;
		};
		48D72286199509CE001D8B66 /* Debug */ = {
			isa = XCBuildConfiguration;
			buildSettings = {
				ASSETCATALOG_COMPILER_APPICON_NAME = AppIcon;
				ASSETCATALOG_COMPILER_LAUNCHIMAGE_NAME = LaunchImage;
				INFOPLIST_FILE = mbswizzler/Info.plist;
				LD_RUNPATH_SEARCH_PATHS = "$(inherited) @executable_path/Frameworks";
				PRODUCT_NAME = "$(TARGET_NAME)";
			};
			name = Debug;
		};
		48D72287199509CE001D8B66 /* Release */ = {
			isa = XCBuildConfiguration;
			buildSettings = {
				ASSETCATALOG_COMPILER_APPICON_NAME = AppIcon;
				ASSETCATALOG_COMPILER_LAUNCHIMAGE_NAME = LaunchImage;
				INFOPLIST_FILE = mbswizzler/Info.plist;
				LD_RUNPATH_SEARCH_PATHS = "$(inherited) @executable_path/Frameworks";
				PRODUCT_NAME = "$(TARGET_NAME)";
			};
			name = Release;
		};
		48D72289199509CE001D8B66 /* Debug */ = {
			isa = XCBuildConfiguration;
			buildSettings = {
				BUNDLE_LOADER = "$(TEST_HOST)";
				FRAMEWORK_SEARCH_PATHS = (
					"$(SDKROOT)/Developer/Library/Frameworks",
					"$(inherited)",
				);
				GCC_PREPROCESSOR_DEFINITIONS = (
					"DEBUG=1",
					"$(inherited)",
				);
				INFOPLIST_FILE = mbswizzlerTests/Info.plist;
				LD_RUNPATH_SEARCH_PATHS = "$(inherited) @executable_path/Frameworks @loader_path/Frameworks";
				PRODUCT_NAME = "$(TARGET_NAME)";
				TEST_HOST = "$(BUILT_PRODUCTS_DIR)/mbswizzler.app/mbswizzler";
			};
			name = Debug;
		};
		48D7228A199509CE001D8B66 /* Release */ = {
			isa = XCBuildConfiguration;
			buildSettings = {
				BUNDLE_LOADER = "$(TEST_HOST)";
				FRAMEWORK_SEARCH_PATHS = (
					"$(SDKROOT)/Developer/Library/Frameworks",
					"$(inherited)",
				);
				INFOPLIST_FILE = mbswizzlerTests/Info.plist;
				LD_RUNPATH_SEARCH_PATHS = "$(inherited) @executable_path/Frameworks @loader_path/Frameworks";
				PRODUCT_NAME = "$(TARGET_NAME)";
				TEST_HOST = "$(BUILT_PRODUCTS_DIR)/mbswizzler.app/mbswizzler";
			};
			name = Release;
		};
/* End XCBuildConfiguration section */

/* Begin XCConfigurationList section */
		48D72264199509CE001D8B66 /* Build configuration list for PBXProject "mbswizzler" */ = {
			isa = XCConfigurationList;
			buildConfigurations = (
				48D72283199509CE001D8B66 /* Debug */,
				48D72284199509CE001D8B66 /* Release */,
			);
			defaultConfigurationIsVisible = 0;
			defaultConfigurationName = Release;
		};
		48D72285199509CE001D8B66 /* Build configuration list for PBXNativeTarget "mbswizzler" */ = {
			isa = XCConfigurationList;
			buildConfigurations = (
				48D72286199509CE001D8B66 /* Debug */,
				48D72287199509CE001D8B66 /* Release */,
			);
			defaultConfigurationIsVisible = 0;
		};
		48D72288199509CE001D8B66 /* Build configuration list for PBXNativeTarget "mbswizzlerTests" */ = {
			isa = XCConfigurationList;
			buildConfigurations = (
				48D72289199509CE001D8B66 /* Debug */,
				48D7228A199509CE001D8B66 /* Release */,
			);
			defaultConfigurationIsVisible = 0;
		};
/* End XCConfigurationList section */
	};
	rootObject = 48D72261199509CE001D8B66 /* Project object */;
}
